
Microsoft Visual Studio Solution File, Format Version 12.00
# Visual Studio Version 17
VisualStudioVersion = 17.9.34622.214
MinimumVisualStudioVersion = 10.0.40219.1
Project("{FAE04EC0-301F-11D3-BF4B-00C04F79EFBC}") = "ThirdPart", "ThirdPart\ThirdPart.csproj", "{9202491C-33B2-4DEA-B20B-F470F5F23C34}"
EndProject
Global
	GlobalSection(SolutionConfigurationPlatforms) = preSolution
		Debug|Any CPU = Debug|Any CPU
		Release|Any CPU = Release|Any CPU
	EndGlobalSection
	GlobalSection(ProjectConfigurationPlatforms) = postSolution
		{9202491C-33B2-4DEA-B20B-F470F5F23C34}.Debug|Any CPU.ActiveCfg = Debug|Any CPU
		{9202491C-33B2-4DEA-B20B-F470F5F23C34}.Debug|Any CPU.Build.0 = Debug|Any CPU
		{9202491C-33B2-4DEA-B20B-F470F5F23C34}.Release|Any CPU.ActiveCfg = Release|Any CPU
		{9202491C-33B2-4DEA-B20B-F470F5F23C34}.Release|Any CPU.Build.0 = Release|Any CPU
	EndGlobalSection
	GlobalSection(SolutionProperties) = preSolution
		HideSolutionNode = FALSE
	EndGlobalSection
	GlobalSection(ExtensibilityGlobals) = postSolution
		SolutionGuid = {680941FF-A92D-4EEB-80D3-12896FCFAB4F}
	EndGlobalSection
EndGlobal
